<Solution>
  <Project Path="01_VariaveisELacos/01_VariaveisELacos.csproj" />
  <Project Path="02_Condicionais/02_Condicionais.csproj" />
  <Project Path="03_Strings/03_Strings.csproj" />
  <Project Path="04_ArraysEListas/04_ArraysEListas.csproj" />
  <Project Path="05_MetodosERecursao/05_MetodosERecursao.csproj" />
  <Project Path="06_Classes/06_Classes.csproj" />
  <Project Path="07_Datas/07_Datas.csproj" />
  <Project Path="08_Heranca/08_Heranca.csproj" />
  <Project Path="09_Excecoes/09_Excecoes.csproj" />
  <Project Path="10_Ordenacao/10_Ordenacao.csproj" />
  <Project Path="11_ArquivosEJson/11_ArquivosEJson.csproj" />
  <Project Path="12_Enums/12_Enums.csproj" />
  <Project Path="13_Conjuntos/13_Conjuntos.csproj" />
  <Project Path="14_Regex/14_Regex.csproj" />
  <Project Path="15_FuncoesDeOrdemSuperior/15_FuncoesDeOrdemSuperior.csproj" />
</Solution>
